// !$*UTF8*$!
{
	archiveVersion = 1;
	classes = {
	};
	objectVersion = 50;
	objects = {

/* Begin PBXBuildFile section */
		0F373F422165386C00BC64DA /* LinesViewController.swift in Sources */ = {isa = PBXBuildFile; fileRef = 0F373F412165386C00BC64DA /* LinesViewController.swift */; };
		0F373F44216538E600BC64DA /* LineCollectionViewCell.swift in Sources */ = {isa = PBXBuildFile; fileRef = 0F373F43216538E600BC64DA /* LineCollectionViewCell.swift */; };
		0F373F4621653B2B00BC64DA /* LinesInteractor.swift in Sources */ = {isa = PBXBuildFile; fileRef = 0F373F4521653B2B00BC64DA /* LinesInteractor.swift */; };
		0F373F4921653B7500BC64DA /* Models.swift in Sources */ = {isa = PBXBuildFile; fileRef = 0F373F4821653B7500BC64DA /* Models.swift */; };
		0F373F4B21653C6A00BC64DA /* LinesPresenter.swift in Sources */ = {isa = PBXBuildFile; fileRef = 0F373F4A21653C6A00BC64DA /* LinesPresenter.swift */; };
		0F373F4D21653F7900BC64DA /* LinesModels.swift in Sources */ = {isa = PBXBuildFile; fileRef = 0F373F4C21653F7900BC64DA /* LinesModels.swift */; };
		0F373F4F2165482F00BC64DA /* Color.swift in Sources */ = {isa = PBXBuildFile; fileRef = 0F373F4E2165482F00BC64DA /* Color.swift */; };
		0F373F51216550C000BC64DA /* Result.swift in Sources */ = {isa = PBXBuildFile; fileRef = 0F373F50216550C000BC64DA /* Result.swift */; };
		0F373F532165510A00BC64DA /* APIError.swift in Sources */ = {isa = PBXBuildFile; fileRef = 0F373F522165510A00BC64DA /* APIError.swift */; };
		0F373F562165C77B00BC64DA /* CalloutViewController.swift in Sources */ = {isa = PBXBuildFile; fileRef = 0F373F552165C77B00BC64DA /* CalloutViewController.swift */; };
		0F373F5A2165CC6100BC64DA /* UIEdgeInsets+Extensions.swift in Sources */ = {isa = PBXBuildFile; fileRef = 0F373F592165CC6100BC64DA /* UIEdgeInsets+Extensions.swift */; };
		0F373F5D2165DA5900BC64DA /* StationDetailsViewController.swift in Sources */ = {isa = PBXBuildFile; fileRef = 0F373F5C2165DA5900BC64DA /* StationDetailsViewController.swift */; };
		0F373F6221662F8800BC64DA /* UIView+Extensions.swift in Sources */ = {isa = PBXBuildFile; fileRef = 0F373F6121662F8800BC64DA /* UIView+Extensions.swift */; };
		0F373F65216638A600BC64DA /* Array+Extensions.swift in Sources */ = {isa = PBXBuildFile; fileRef = 0F373F64216638A600BC64DA /* Array+Extensions.swift */; };
		0F373F6A21663FB700BC64DA /* GMSMapView+Extensions.swift in Sources */ = {isa = PBXBuildFile; fileRef = 0F373F6921663FB700BC64DA /* GMSMapView+Extensions.swift */; };
		0F373F6C21664BBA00BC64DA /* Icon.swift in Sources */ = {isa = PBXBuildFile; fileRef = 0F373F6B21664BBA00BC64DA /* Icon.swift */; };
		0F373F6E2166574500BC64DA /* StationDetailsInteractor.swift in Sources */ = {isa = PBXBuildFile; fileRef = 0F373F6D2166574500BC64DA /* StationDetailsInteractor.swift */; };
		0F373F702166578C00BC64DA /* StationDetailsPresenter.swift in Sources */ = {isa = PBXBuildFile; fileRef = 0F373F6F2166578C00BC64DA /* StationDetailsPresenter.swift */; };
		0F373F73216659A000BC64DA /* Alert.swift in Sources */ = {isa = PBXBuildFile; fileRef = 0F373F72216659A000BC64DA /* Alert.swift */; };
		0F373F7521665BA200BC64DA /* UIButton+Loading.swift in Sources */ = {isa = PBXBuildFile; fileRef = 0F373F7421665BA200BC64DA /* UIButton+Loading.swift */; };
		0F373F772166C6AB00BC64DA /* CLLocationCoordinate2D+Distance.swift in Sources */ = {isa = PBXBuildFile; fileRef = 0F373F762166C6AB00BC64DA /* CLLocationCoordinate2D+Distance.swift */; };
		0F373F792166CCD300BC64DA /* Constants.swift in Sources */ = {isa = PBXBuildFile; fileRef = 0F373F782166CCD300BC64DA /* Constants.swift */; };
		0F373F7C2166D9D800BC64DA /* LoadingView.swift in Sources */ = {isa = PBXBuildFile; fileRef = 0F373F7B2166D9D800BC64DA /* LoadingView.swift */; };
		0FB6969121647EA30010AABD /* AppDelegate.swift in Sources */ = {isa = PBXBuildFile; fileRef = 0FB6969021647EA30010AABD /* AppDelegate.swift */; };
		0FB6969621647EA30010AABD /* Main.storyboard in Resources */ = {isa = PBXBuildFile; fileRef = 0FB6969421647EA30010AABD /* Main.storyboard */; };
		0FB6969821647EA30010AABD /* Assets.xcassets in Resources */ = {isa = PBXBuildFile; fileRef = 0FB6969721647EA30010AABD /* Assets.xcassets */; };
		0FB6969B21647EA30010AABD /* LaunchScreen.storyboard in Resources */ = {isa = PBXBuildFile; fileRef = 0FB6969921647EA30010AABD /* LaunchScreen.storyboard */; };
		0FB696A621647EA40010AABD /* StationsTests.swift in Sources */ = {isa = PBXBuildFile; fileRef = 0FB696A521647EA40010AABD /* StationsTests.swift */; };
		0FB696B5216483FB0010AABD /* HomeViewController.swift in Sources */ = {isa = PBXBuildFile; fileRef = 0FB696B4216483FB0010AABD /* HomeViewController.swift */; };
		0FB696B72164860E0010AABD /* HomeInteractor.swift in Sources */ = {isa = PBXBuildFile; fileRef = 0FB696B62164860E0010AABD /* HomeInteractor.swift */; };
		0FB696B9216486B60010AABD /* HomePresenter.swift in Sources */ = {isa = PBXBuildFile; fileRef = 0FB696B8216486B60010AABD /* HomePresenter.swift */; };
		0FB696C1216488A50010AABD /* API.swift in Sources */ = {isa = PBXBuildFile; fileRef = 0FB696C0216488A50010AABD /* API.swift */; };
		9DA01029643717A8166CCFC1 /* Pods_Stations.framework in Frameworks */ = {isa = PBXBuildFile; fileRef = 1066C1545392DDE8EF220059 /* Pods_Stations.framework */; };
		DCEA4057FDC74F0245C26194 /* Pods_StationsTests.framework in Frameworks */ = {isa = PBXBuildFile; fileRef = 0804055A3A601989D19E3304 /* Pods_StationsTests.framework */; };
/* End PBXBuildFile section */

/* Begin PBXContainerItemProxy section */
		0FB696A221647EA40010AABD /* PBXContainerItemProxy */ = {
			isa = PBXContainerItemProxy;
			containerPortal = 0FB6968521647EA30010AABD /* Project object */;
			proxyType = 1;
			remoteGlobalIDString = 0FB6968C21647EA30010AABD;
			remoteInfo = Stations;
		};
/* End PBXContainerItemProxy section */

/* Begin PBXFileReference section */
		0804055A3A601989D19E3304 /* Pods_StationsTests.framework */ = {isa = PBXFileReference; explicitFileType = wrapper.framework; includeInIndex = 0; path = Pods_StationsTests.framework; sourceTree = BUILT_PRODUCTS_DIR; };
		0F373F412165386C00BC64DA /* LinesViewController.swift */ = {isa = PBXFileReference; lastKnownFileType = sourcecode.swift; path = LinesViewController.swift; sourceTree = "<group>"; };
		0F373F43216538E600BC64DA /* LineCollectionViewCell.swift */ = {isa = PBXFileReference; lastKnownFileType = sourcecode.swift; path = LineCollectionViewCell.swift; sourceTree = "<group>"; };
		0F373F4521653B2B00BC64DA /* LinesInteractor.swift */ = {isa = PBXFileReference; lastKnownFileType = sourcecode.swift; path = LinesInteractor.swift; sourceTree = "<group>"; };
		0F373F4821653B7500BC64DA /* Models.swift */ = {isa = PBXFileReference; lastKnownFileType = sourcecode.swift; path = Models.swift; sourceTree = "<group>"; };
		0F373F4A21653C6A00BC64DA /* LinesPresenter.swift */ = {isa = PBXFileReference; lastKnownFileType = sourcecode.swift; path = LinesPresenter.swift; sourceTree = "<group>"; };
		0F373F4C21653F7900BC64DA /* LinesModels.swift */ = {isa = PBXFileReference; lastKnownFileType = sourcecode.swift; path = LinesModels.swift; sourceTree = "<group>"; };
		0F373F4E2165482F00BC64DA /* Color.swift */ = {isa = PBXFileReference; lastKnownFileType = sourcecode.swift; path = Color.swift; sourceTree = "<group>"; };
		0F373F50216550C000BC64DA /* Result.swift */ = {isa = PBXFileReference; lastKnownFileType = sourcecode.swift; path = Result.swift; sourceTree = "<group>"; };
		0F373F522165510A00BC64DA /* APIError.swift */ = {isa = PBXFileReference; lastKnownFileType = sourcecode.swift; path = APIError.swift; sourceTree = "<group>"; };
		0F373F552165C77B00BC64DA /* CalloutViewController.swift */ = {isa = PBXFileReference; lastKnownFileType = sourcecode.swift; path = CalloutViewController.swift; sourceTree = "<group>"; };
		0F373F592165CC6100BC64DA /* UIEdgeInsets+Extensions.swift */ = {isa = PBXFileReference; lastKnownFileType = sourcecode.swift; path = "UIEdgeInsets+Extensions.swift"; sourceTree = "<group>"; };
		0F373F5C2165DA5900BC64DA /* StationDetailsViewController.swift */ = {isa = PBXFileReference; lastKnownFileType = sourcecode.swift; path = StationDetailsViewController.swift; sourceTree = "<group>"; };
		0F373F6121662F8800BC64DA /* UIView+Extensions.swift */ = {isa = PBXFileReference; lastKnownFileType = sourcecode.swift; path = "UIView+Extensions.swift"; sourceTree = "<group>"; };
		0F373F64216638A600BC64DA /* Array+Extensions.swift */ = {isa = PBXFileReference; lastKnownFileType = sourcecode.swift; path = "Array+Extensions.swift"; sourceTree = "<group>"; };
		0F373F6921663FB700BC64DA /* GMSMapView+Extensions.swift */ = {isa = PBXFileReference; lastKnownFileType = sourcecode.swift; path = "GMSMapView+Extensions.swift"; sourceTree = "<group>"; };
		0F373F6B21664BBA00BC64DA /* Icon.swift */ = {isa = PBXFileReference; lastKnownFileType = sourcecode.swift; path = Icon.swift; sourceTree = "<group>"; };
		0F373F6D2166574500BC64DA /* StationDetailsInteractor.swift */ = {isa = PBXFileReference; lastKnownFileType = sourcecode.swift; path = StationDetailsInteractor.swift; sourceTree = "<group>"; };
		0F373F6F2166578C00BC64DA /* StationDetailsPresenter.swift */ = {isa = PBXFileReference; lastKnownFileType = sourcecode.swift; path = StationDetailsPresenter.swift; sourceTree = "<group>"; };
		0F373F72216659A000BC64DA /* Alert.swift */ = {isa = PBXFileReference; lastKnownFileType = sourcecode.swift; path = Alert.swift; sourceTree = "<group>"; };
		0F373F7421665BA200BC64DA /* UIButton+Loading.swift */ = {isa = PBXFileReference; lastKnownFileType = sourcecode.swift; path = "UIButton+Loading.swift"; sourceTree = "<group>"; };
		0F373F762166C6AB00BC64DA /* CLLocationCoordinate2D+Distance.swift */ = {isa = PBXFileReference; lastKnownFileType = sourcecode.swift; path = "CLLocationCoordinate2D+Distance.swift"; sourceTree = "<group>"; };
		0F373F782166CCD300BC64DA /* Constants.swift */ = {isa = PBXFileReference; lastKnownFileType = sourcecode.swift; path = Constants.swift; sourceTree = "<group>"; };
		0F373F7B2166D9D800BC64DA /* LoadingView.swift */ = {isa = PBXFileReference; lastKnownFileType = sourcecode.swift; path = LoadingView.swift; sourceTree = "<group>"; };
		0FB6968D21647EA30010AABD /* Stations.app */ = {isa = PBXFileReference; explicitFileType = wrapper.application; includeInIndex = 0; path = Stations.app; sourceTree = BUILT_PRODUCTS_DIR; };
		0FB6969021647EA30010AABD /* AppDelegate.swift */ = {isa = PBXFileReference; lastKnownFileType = sourcecode.swift; path = AppDelegate.swift; sourceTree = "<group>"; };
		0FB6969521647EA30010AABD /* Base */ = {isa = PBXFileReference; lastKnownFileType = file.storyboard; name = Base; path = Base.lproj/Main.storyboard; sourceTree = "<group>"; };
		0FB6969721647EA30010AABD /* Assets.xcassets */ = {isa = PBXFileReference; lastKnownFileType = folder.assetcatalog; path = Assets.xcassets; sourceTree = "<group>"; };
		0FB6969A21647EA30010AABD /* Base */ = {isa = PBXFileReference; lastKnownFileType = file.storyboard; name = Base; path = Base.lproj/LaunchScreen.storyboard; sourceTree = "<group>"; };
		0FB6969C21647EA30010AABD /* Info.plist */ = {isa = PBXFileReference; lastKnownFileType = text.plist.xml; path = Info.plist; sourceTree = "<group>"; };
		0FB696A121647EA40010AABD /* StationsTests.xctest */ = {isa = PBXFileReference; explicitFileType = wrapper.cfbundle; includeInIndex = 0; path = StationsTests.xctest; sourceTree = BUILT_PRODUCTS_DIR; };
		0FB696A521647EA40010AABD /* StationsTests.swift */ = {isa = PBXFileReference; lastKnownFileType = sourcecode.swift; path = StationsTests.swift; sourceTree = "<group>"; };
		0FB696A721647EA40010AABD /* Info.plist */ = {isa = PBXFileReference; lastKnownFileType = text.plist.xml; path = Info.plist; sourceTree = "<group>"; };
		0FB696B4216483FB0010AABD /* HomeViewController.swift */ = {isa = PBXFileReference; lastKnownFileType = sourcecode.swift; path = HomeViewController.swift; sourceTree = "<group>"; };
		0FB696B62164860E0010AABD /* HomeInteractor.swift */ = {isa = PBXFileReference; lastKnownFileType = sourcecode.swift; path = HomeInteractor.swift; sourceTree = "<group>"; };
		0FB696B8216486B60010AABD /* HomePresenter.swift */ = {isa = PBXFileReference; lastKnownFileType = sourcecode.swift; path = HomePresenter.swift; sourceTree = "<group>"; };
		0FB696C0216488A50010AABD /* API.swift */ = {isa = PBXFileReference; lastKnownFileType = sourcecode.swift; path = API.swift; sourceTree = "<group>"; };
		1066C1545392DDE8EF220059 /* Pods_Stations.framework */ = {isa = PBXFileReference; explicitFileType = wrapper.framework; includeInIndex = 0; path = Pods_Stations.framework; sourceTree = BUILT_PRODUCTS_DIR; };
		16491FF866C93C0832D9D884 /* Pods-StationsTests.debug.xcconfig */ = {isa = PBXFileReference; includeInIndex = 1; lastKnownFileType = text.xcconfig; name = "Pods-StationsTests.debug.xcconfig"; path = "Pods/Target Support Files/Pods-StationsTests/Pods-StationsTests.debug.xcconfig"; sourceTree = "<group>"; };
		7C3A2A3B0B22C864FD6337E0 /* Pods-Stations.debug.xcconfig */ = {isa = PBXFileReference; includeInIndex = 1; lastKnownFileType = text.xcconfig; name = "Pods-Stations.debug.xcconfig"; path = "Pods/Target Support Files/Pods-Stations/Pods-Stations.debug.xcconfig"; sourceTree = "<group>"; };
		C072211628843A85E3EE5FA8 /* Pods-Stations.release.xcconfig */ = {isa = PBXFileReference; includeInIndex = 1; lastKnownFileType = text.xcconfig; name = "Pods-Stations.release.xcconfig"; path = "Pods/Target Support Files/Pods-Stations/Pods-Stations.release.xcconfig"; sourceTree = "<group>"; };
		E1A8E61958B1A883C9B3B892 /* Pods-StationsTests.release.xcconfig */ = {isa = PBXFileReference; includeInIndex = 1; lastKnownFileType = text.xcconfig; name = "Pods-StationsTests.release.xcconfig"; path = "Pods/Target Support Files/Pods-StationsTests/Pods-StationsTests.release.xcconfig"; sourceTree = "<group>"; };
/* End PBXFileReference section */

/* Begin PBXFrameworksBuildPhase section */
		0FB6968A21647EA30010AABD /* Frameworks */ = {
			isa = PBXFrameworksBuildPhase;
			buildActionMask = 2147483647;
			files = (
				9DA01029643717A8166CCFC1 /* Pods_Stations.framework in Frameworks */,
			);
			runOnlyForDeploymentPostprocessing = 0;
		};
		0FB6969E21647EA40010AABD /* Frameworks */ = {
			isa = PBXFrameworksBuildPhase;
			buildActionMask = 2147483647;
			files = (
				DCEA4057FDC74F0245C26194 /* Pods_StationsTests.framework in Frameworks */,
			);
			runOnlyForDeploymentPostprocessing = 0;
		};
/* End PBXFrameworksBuildPhase section */

/* Begin PBXGroup section */
		02AEF2E049CE051E3D167C0F /* Frameworks */ = {
			isa = PBXGroup;
			children = (
				1066C1545392DDE8EF220059 /* Pods_Stations.framework */,
				0804055A3A601989D19E3304 /* Pods_StationsTests.framework */,
			);
			name = Frameworks;
			sourceTree = "<group>";
		};
		0F373F4721653B5A00BC64DA /* Models */ = {
			isa = PBXGroup;
			children = (
				0F373F4821653B7500BC64DA /* Models.swift */,
			);
			path = Models;
			sourceTree = "<group>";
		};
		0F373F5421655B0700BC64DA /* Callout */ = {
			isa = PBXGroup;
			children = (
				0F373F552165C77B00BC64DA /* CalloutViewController.swift */,
			);
			path = Callout;
			sourceTree = "<group>";
		};
		0F373F572165CC3F00BC64DA /* Extensions */ = {
			isa = PBXGroup;
			children = (
				0F373F632166388A00BC64DA /* Foundation */,
				0F373F582165CC4A00BC64DA /* UIKit */,
				0F373F6921663FB700BC64DA /* GMSMapView+Extensions.swift */,
			);
			path = Extensions;
			sourceTree = "<group>";
		};
		0F373F582165CC4A00BC64DA /* UIKit */ = {
			isa = PBXGroup;
			children = (
				0F373F592165CC6100BC64DA /* UIEdgeInsets+Extensions.swift */,
				0F373F6121662F8800BC64DA /* UIView+Extensions.swift */,
				0F373F7421665BA200BC64DA /* UIButton+Loading.swift */,
			);
			path = UIKit;
			sourceTree = "<group>";
		};
		0F373F5B2165DA3900BC64DA /* Station Details */ = {
			isa = PBXGroup;
			children = (
				0F373F5C2165DA5900BC64DA /* StationDetailsViewController.swift */,
				0F373F6D2166574500BC64DA /* StationDetailsInteractor.swift */,
				0F373F6F2166578C00BC64DA /* StationDetailsPresenter.swift */,
			);
			path = "Station Details";
			sourceTree = "<group>";
		};
		0F373F632166388A00BC64DA /* Foundation */ = {
			isa = PBXGroup;
			children = (
				0F373F64216638A600BC64DA /* Array+Extensions.swift */,
				0F373F762166C6AB00BC64DA /* CLLocationCoordinate2D+Distance.swift */,
			);
			path = Foundation;
			sourceTree = "<group>";
		};
		0F373F712166599300BC64DA /* Utils */ = {
			isa = PBXGroup;
			children = (
				0F373F72216659A000BC64DA /* Alert.swift */,
			);
			path = Utils;
			sourceTree = "<group>";
		};
		0F373F7A2166D9B900BC64DA /* Custom Controls */ = {
			isa = PBXGroup;
			children = (
				0F373F7B2166D9D800BC64DA /* LoadingView.swift */,
			);
			path = "Custom Controls";
			sourceTree = "<group>";
		};
		0FB6968421647EA30010AABD = {
			isa = PBXGroup;
			children = (
				0FB6968F21647EA30010AABD /* Stations */,
				0FB696A421647EA40010AABD /* StationsTests */,
				0FB6968E21647EA30010AABD /* Products */,
				7435E981C6879AC8D63BA1ED /* Pods */,
				02AEF2E049CE051E3D167C0F /* Frameworks */,
			);
			sourceTree = "<group>";
		};
		0FB6968E21647EA30010AABD /* Products */ = {
			isa = PBXGroup;
			children = (
				0FB6968D21647EA30010AABD /* Stations.app */,
				0FB696A121647EA40010AABD /* StationsTests.xctest */,
			);
			name = Products;
			sourceTree = "<group>";
		};
		0FB6968F21647EA30010AABD /* Stations */ = {
			isa = PBXGroup;
			children = (
				0FB6969021647EA30010AABD /* AppDelegate.swift */,
				0F373F7A2166D9B900BC64DA /* Custom Controls */,
				0F373F712166599300BC64DA /* Utils */,
				0F373F572165CC3F00BC64DA /* Extensions */,
				0F373F4721653B5A00BC64DA /* Models */,
				0FB696B22164807E0010AABD /* Scenes */,
				0FB696B1216480660010AABD /* Networking */,
				0FB696B0216480590010AABD /* Constants */,
				0FB6969421647EA30010AABD /* Main.storyboard */,
				0FB6969721647EA30010AABD /* Assets.xcassets */,
				0FB6969921647EA30010AABD /* LaunchScreen.storyboard */,
				0FB6969C21647EA30010AABD /* Info.plist */,
			);
			path = Stations;
			sourceTree = "<group>";
		};
		0FB696A421647EA40010AABD /* StationsTests */ = {
			isa = PBXGroup;
			children = (
				0FB696A521647EA40010AABD /* StationsTests.swift */,
				0FB696A721647EA40010AABD /* Info.plist */,
			);
			path = StationsTests;
			sourceTree = "<group>";
		};
		0FB696B0216480590010AABD /* Constants */ = {
			isa = PBXGroup;
			children = (
				0F373F4E2165482F00BC64DA /* Color.swift */,
				0F373F6B21664BBA00BC64DA /* Icon.swift */,
				0F373F782166CCD300BC64DA /* Constants.swift */,
			);
			path = Constants;
			sourceTree = "<group>";
		};
		0FB696B1216480660010AABD /* Networking */ = {
			isa = PBXGroup;
			children = (
				0FB696C0216488A50010AABD /* API.swift */,
				0F373F50216550C000BC64DA /* Result.swift */,
				0F373F522165510A00BC64DA /* APIError.swift */,
			);
			path = Networking;
			sourceTree = "<group>";
		};
		0FB696B22164807E0010AABD /* Scenes */ = {
			isa = PBXGroup;
			children = (
				0F373F5B2165DA3900BC64DA /* Station Details */,
				0F373F5421655B0700BC64DA /* Callout */,
				0FB696CB216495370010AABD /* Lines */,
				0FB696B3216483E60010AABD /* Home */,
			);
			path = Scenes;
			sourceTree = "<group>";
		};
		0FB696B3216483E60010AABD /* Home */ = {
			isa = PBXGroup;
			children = (
				0FB696B4216483FB0010AABD /* HomeViewController.swift */,
				0FB696B62164860E0010AABD /* HomeInteractor.swift */,
				0FB696B8216486B60010AABD /* HomePresenter.swift */,
			);
			path = Home;
			sourceTree = "<group>";
		};
		0FB696CB216495370010AABD /* Lines */ = {
			isa = PBXGroup;
			children = (
				0F373F412165386C00BC64DA /* LinesViewController.swift */,
				0F373F4521653B2B00BC64DA /* LinesInteractor.swift */,
				0F373F4A21653C6A00BC64DA /* LinesPresenter.swift */,
				0F373F43216538E600BC64DA /* LineCollectionViewCell.swift */,
				0F373F4C21653F7900BC64DA /* LinesModels.swift */,
			);
			path = Lines;
			sourceTree = "<group>";
		};
		7435E981C6879AC8D63BA1ED /* Pods */ = {
			isa = PBXGroup;
			children = (
				7C3A2A3B0B22C864FD6337E0 /* Pods-Stations.debug.xcconfig */,
				C072211628843A85E3EE5FA8 /* Pods-Stations.release.xcconfig */,
				16491FF866C93C0832D9D884 /* Pods-StationsTests.debug.xcconfig */,
				E1A8E61958B1A883C9B3B892 /* Pods-StationsTests.release.xcconfig */,
			);
			name = Pods;
			sourceTree = "<group>";
		};
/* End PBXGroup section */

/* Begin PBXNativeTarget section */
		0FB6968C21647EA30010AABD /* Stations */ = {
			isa = PBXNativeTarget;
			buildConfigurationList = 0FB696AA21647EA40010AABD /* Build configuration list for PBXNativeTarget "Stations" */;
			buildPhases = (
				EE77AB401D145DB97AE399E6 /* [CP] Check Pods Manifest.lock */,
				0FB6968921647EA30010AABD /* Sources */,
				0FB6968A21647EA30010AABD /* Frameworks */,
				0FB6968B21647EA30010AABD /* Resources */,
				73EDC4A14D5EE97DCFDCC841 /* [CP] Copy Pods Resources */,
				55A1DFFAAC56C54653DB1CBC /* [CP] Embed Pods Frameworks */,
			);
			buildRules = (
			);
			dependencies = (
			);
			name = Stations;
			productName = Stations;
			productReference = 0FB6968D21647EA30010AABD /* Stations.app */;
			productType = "com.apple.product-type.application";
		};
		0FB696A021647EA40010AABD /* StationsTests */ = {
			isa = PBXNativeTarget;
			buildConfigurationList = 0FB696AD21647EA40010AABD /* Build configuration list for PBXNativeTarget "StationsTests" */;
			buildPhases = (
				BADD39265252194D4DE6E125 /* [CP] Check Pods Manifest.lock */,
				0FB6969D21647EA40010AABD /* Sources */,
				0FB6969E21647EA40010AABD /* Frameworks */,
				0FB6969F21647EA40010AABD /* Resources */,
			);
			buildRules = (
			);
			dependencies = (
				0FB696A321647EA40010AABD /* PBXTargetDependency */,
			);
			name = StationsTests;
			productName = StationsTests;
			productReference = 0FB696A121647EA40010AABD /* StationsTests.xctest */;
			productType = "com.apple.product-type.bundle.unit-test";
		};
/* End PBXNativeTarget section */

/* Begin PBXProject section */
		0FB6968521647EA30010AABD /* Project object */ = {
			isa = PBXProject;
			attributes = {
				LastSwiftUpdateCheck = 1000;
				LastUpgradeCheck = 1000;
				ORGANIZATIONNAME = Me;
				TargetAttributes = {
					0FB6968C21647EA30010AABD = {
						CreatedOnToolsVersion = 10.0;
					};
					0FB696A021647EA40010AABD = {
						CreatedOnToolsVersion = 10.0;
						TestTargetID = 0FB6968C21647EA30010AABD;
					};
				};
			};
			buildConfigurationList = 0FB6968821647EA30010AABD /* Build configuration list for PBXProject "Stations" */;
			compatibilityVersion = "Xcode 9.3";
			developmentRegion = en;
			hasScannedForEncodings = 0;
			knownRegions = (
				en,
				Base,
			);
			mainGroup = 0FB6968421647EA30010AABD;
			productRefGroup = 0FB6968E21647EA30010AABD /* Products */;
			projectDirPath = "";
			projectRoot = "";
			targets = (
				0FB6968C21647EA30010AABD /* Stations */,
				0FB696A021647EA40010AABD /* StationsTests */,
			);
		};
/* End PBXProject section */

/* Begin PBXResourcesBuildPhase section */
		0FB6968B21647EA30010AABD /* Resources */ = {
			isa = PBXResourcesBuildPhase;
			buildActionMask = 2147483647;
			files = (
				0FB6969B21647EA30010AABD /* LaunchScreen.storyboard in Resources */,
				0FB6969821647EA30010AABD /* Assets.xcassets in Resources */,
				0FB6969621647EA30010AABD /* Main.storyboard in Resources */,
			);
			runOnlyForDeploymentPostprocessing = 0;
		};
		0FB6969F21647EA40010AABD /* Resources */ = {
			isa = PBXResourcesBuildPhase;
			buildActionMask = 2147483647;
			files = (
			);
			runOnlyForDeploymentPostprocessing = 0;
		};
/* End PBXResourcesBuildPhase section */

/* Begin PBXShellScriptBuildPhase section */
		55A1DFFAAC56C54653DB1CBC /* [CP] Embed Pods Frameworks */ = {
			isa = PBXShellScriptBuildPhase;
			buildActionMask = 2147483647;
			files = (
			);
			inputFileListPaths = (
			);
			inputPaths = (
				"${SRCROOT}/Pods/Target Support Files/Pods-Stations/Pods-Stations-frameworks.sh",
				"${BUILT_PRODUCTS_DIR}/Alamofire/Alamofire.framework",
				"${BUILT_PRODUCTS_DIR}/Hero/Hero.framework",
				"${BUILT_PRODUCTS_DIR}/Kingfisher/Kingfisher.framework",
				"${BUILT_PRODUCTS_DIR}/RxSwift/RxSwift.framework",
			);
			name = "[CP] Embed Pods Frameworks";
			outputFileListPaths = (
			);
			outputPaths = (
				"${TARGET_BUILD_DIR}/${FRAMEWORKS_FOLDER_PATH}/Alamofire.framework",
				"${TARGET_BUILD_DIR}/${FRAMEWORKS_FOLDER_PATH}/Hero.framework",
				"${TARGET_BUILD_DIR}/${FRAMEWORKS_FOLDER_PATH}/Kingfisher.framework",
				"${TARGET_BUILD_DIR}/${FRAMEWORKS_FOLDER_PATH}/RxSwift.framework",
			);
			runOnlyForDeploymentPostprocessing = 0;
			shellPath = /bin/sh;
			shellScript = "\"${SRCROOT}/Pods/Target Support Files/Pods-Stations/Pods-Stations-frameworks.sh\"\n";
			showEnvVarsInLog = 0;
		};
		73EDC4A14D5EE97DCFDCC841 /* [CP] Copy Pods Resources */ = {
			isa = PBXShellScriptBuildPhase;
			buildActionMask = 2147483647;
			files = (
			);
			inputFileListPaths = (
			);
			inputPaths = (
				"${SRCROOT}/Pods/Target Support Files/Pods-Stations/Pods-Stations-resources.sh",
				"${PODS_ROOT}/GoogleMaps/Maps/Frameworks/GoogleMaps.framework/Resources/GoogleMaps.bundle",
			);
			name = "[CP] Copy Pods Resources";
			outputFileListPaths = (
			);
			outputPaths = (
				"${TARGET_BUILD_DIR}/${UNLOCALIZED_RESOURCES_FOLDER_PATH}/GoogleMaps.bundle",
			);
			runOnlyForDeploymentPostprocessing = 0;
			shellPath = /bin/sh;
			shellScript = "\"${SRCROOT}/Pods/Target Support Files/Pods-Stations/Pods-Stations-resources.sh\"\n";
			showEnvVarsInLog = 0;
		};
		BADD39265252194D4DE6E125 /* [CP] Check Pods Manifest.lock */ = {
			isa = PBXShellScriptBuildPhase;
			buildActionMask = 2147483647;
			files = (
			);
			inputFileListPaths = (
			);
			inputPaths = (
				"${PODS_PODFILE_DIR_PATH}/Podfile.lock",
				"${PODS_ROOT}/Manifest.lock",
			);
			name = "[CP] Check Pods Manifest.lock";
			outputFileListPaths = (
			);
			outputPaths = (
				"$(DERIVED_FILE_DIR)/Pods-StationsTests-checkManifestLockResult.txt",
			);
			runOnlyForDeploymentPostprocessing = 0;
			shellPath = /bin/sh;
			shellScript = "diff \"${PODS_PODFILE_DIR_PATH}/Podfile.lock\" \"${PODS_ROOT}/Manifest.lock\" > /dev/null\nif [ $? != 0 ] ; then\n    # print error to STDERR\n    echo \"error: The sandbox is not in sync with the Podfile.lock. Run 'pod install' or update your CocoaPods installation.\" >&2\n    exit 1\nfi\n# This output is used by Xcode 'outputs' to avoid re-running this script phase.\necho \"SUCCESS\" > \"${SCRIPT_OUTPUT_FILE_0}\"\n";
			showEnvVarsInLog = 0;
		};
		EE77AB401D145DB97AE399E6 /* [CP] Check Pods Manifest.lock */ = {
			isa = PBXShellScriptBuildPhase;
			buildActionMask = 2147483647;
			files = (
			);
			inputFileListPaths = (
			);
			inputPaths = (
				"${PODS_PODFILE_DIR_PATH}/Podfile.lock",
				"${PODS_ROOT}/Manifest.lock",
			);
			name = "[CP] Check Pods Manifest.lock";
			outputFileListPaths = (
			);
			outputPaths = (
				"$(DERIVED_FILE_DIR)/Pods-Stations-checkManifestLockResult.txt",
			);
			runOnlyForDeploymentPostprocessing = 0;
			shellPath = /bin/sh;
			shellScript = "diff \"${PODS_PODFILE_DIR_PATH}/Podfile.lock\" \"${PODS_ROOT}/Manifest.lock\" > /dev/null\nif [ $? != 0 ] ; then\n    # print error to STDERR\n    echo \"error: The sandbox is not in sync with the Podfile.lock. Run 'pod install' or update your CocoaPods installation.\" >&2\n    exit 1\nfi\n# This output is used by Xcode 'outputs' to avoid re-running this script phase.\necho \"SUCCESS\" > \"${SCRIPT_OUTPUT_FILE_0}\"\n";
			showEnvVarsInLog = 0;
		};
/* End PBXShellScriptBuildPhase section */

/* Begin PBXSourcesBuildPhase section */
		0FB6968921647EA30010AABD /* Sources */ = {
			isa = PBXSourcesBuildPhase;
			buildActionMask = 2147483647;
			files = (
				0F373F44216538E600BC64DA /* LineCollectionViewCell.swift in Sources */,
				0FB696B72164860E0010AABD /* HomeInteractor.swift in Sources */,
				0F373F422165386C00BC64DA /* LinesViewController.swift in Sources */,
				0F373F5D2165DA5900BC64DA /* StationDetailsViewController.swift in Sources */,
				0F373F4B21653C6A00BC64DA /* LinesPresenter.swift in Sources */,
				0F373F7C2166D9D800BC64DA /* LoadingView.swift in Sources */,
				0F373F562165C77B00BC64DA /* CalloutViewController.swift in Sources */,
				0F373F73216659A000BC64DA /* Alert.swift in Sources */,
				0F373F6E2166574500BC64DA /* StationDetailsInteractor.swift in Sources */,
				0F373F7521665BA200BC64DA /* UIButton+Loading.swift in Sources */,
				0F373F51216550C000BC64DA /* Result.swift in Sources */,
				0F373F4621653B2B00BC64DA /* LinesInteractor.swift in Sources */,
				0F373F4D21653F7900BC64DA /* LinesModels.swift in Sources */,
				0F373F6C21664BBA00BC64DA /* Icon.swift in Sources */,
				0FB6969121647EA30010AABD /* AppDelegate.swift in Sources */,
				0F373F772166C6AB00BC64DA /* CLLocationCoordinate2D+Distance.swift in Sources */,
				0F373F532165510A00BC64DA /* APIError.swift in Sources */,
				0F373F4921653B7500BC64DA /* Models.swift in Sources */,
				0F373F6221662F8800BC64DA /* UIView+Extensions.swift in Sources */,
				0F373F6A21663FB700BC64DA /* GMSMapView+Extensions.swift in Sources */,
				0F373F702166578C00BC64DA /* StationDetailsPresenter.swift in Sources */,
				0F373F4F2165482F00BC64DA /* Color.swift in Sources */,
				0F373F5A2165CC6100BC64DA /* UIEdgeInsets+Extensions.swift in Sources */,
				0FB696B5216483FB0010AABD /* HomeViewController.swift in Sources */,
				0FB696C1216488A50010AABD /* API.swift in Sources */,
				0F373F65216638A600BC64DA /* Array+Extensions.swift in Sources */,
				0FB696B9216486B60010AABD /* HomePresenter.swift in Sources */,
				0F373F792166CCD300BC64DA /* Constants.swift in Sources */,
			);
			runOnlyForDeploymentPostprocessing = 0;
		};
		0FB6969D21647EA40010AABD /* Sources */ = {
			isa = PBXSourcesBuildPhase;
			buildActionMask = 2147483647;
			files = (
				0FB696A621647EA40010AABD /* StationsTests.swift in Sources */,
			);
			runOnlyForDeploymentPostprocessing = 0;
		};
/* End PBXSourcesBuildPhase section */

/* Begin PBXTargetDependency section */
		0FB696A321647EA40010AABD /* PBXTargetDependency */ = {
			isa = PBXTargetDependency;
			target = 0FB6968C21647EA30010AABD /* Stations */;
			targetProxy = 0FB696A221647EA40010AABD /* PBXContainerItemProxy */;
		};
/* End PBXTargetDependency section */

/* Begin PBXVariantGroup section */
		0FB6969421647EA30010AABD /* Main.storyboard */ = {
			isa = PBXVariantGroup;
			children = (
				0FB6969521647EA30010AABD /* Base */,
			);
			name = Main.storyboard;
			sourceTree = "<group>";
		};
		0FB6969921647EA30010AABD /* LaunchScreen.storyboard */ = {
			isa = PBXVariantGroup;
			children = (
				0FB6969A21647EA30010AABD /* Base */,
			);
			name = LaunchScreen.storyboard;
			sourceTree = "<group>";
		};
/* End PBXVariantGroup section */

/* Begin XCBuildConfiguration section */
		0FB696A821647EA40010AABD /* Debug */ = {
			isa = XCBuildConfiguration;
			buildSettings = {
				ALWAYS_SEARCH_USER_PATHS = NO;
				CLANG_ANALYZER_NONNULL = YES;
				CLANG_ANALYZER_NUMBER_OBJECT_CONVERSION = YES_AGGRESSIVE;
				CLANG_CXX_LANGUAGE_STANDARD = "gnu++14";
				CLANG_CXX_LIBRARY = "libc++";
				CLANG_ENABLE_MODULES = YES;
				CLANG_ENABLE_OBJC_ARC = YES;
				CLANG_ENABLE_OBJC_WEAK = YES;
				CLANG_WARN_BLOCK_CAPTURE_AUTORELEASING = YES;
				CLANG_WARN_BOOL_CONVERSION = YES;
				CLANG_WARN_COMMA = YES;
				CLANG_WARN_CONSTANT_CONVERSION = YES;
				CLANG_WARN_DEPRECATED_OBJC_IMPLEMENTATIONS = YES;
				CLANG_WARN_DIRECT_OBJC_ISA_USAGE = YES_ERROR;
				CLANG_WARN_DOCUMENTATION_COMMENTS = YES;
				CLANG_WARN_EMPTY_BODY = YES;
				CLANG_WARN_ENUM_CONVERSION = YES;
				CLANG_WARN_INFINITE_RECURSION = YES;
				CLANG_WARN_INT_CONVERSION = YES;
				CLANG_WARN_NON_LITERAL_NULL_CONVERSION = YES;
				CLANG_WARN_OBJC_IMPLICIT_RETAIN_SELF = YES;
				CLANG_WARN_OBJC_LITERAL_CONVERSION = YES;
				CLANG_WARN_OBJC_ROOT_CLASS = YES_ERROR;
				CLANG_WARN_RANGE_LOOP_ANALYSIS = YES;
				CLANG_WARN_STRICT_PROTOTYPES = YES;
				CLANG_WARN_SUSPICIOUS_MOVE = YES;
				CLANG_WARN_UNGUARDED_AVAILABILITY = YES_AGGRESSIVE;
				CLANG_WARN_UNREACHABLE_CODE = YES;
				CLANG_WARN__DUPLICATE_METHOD_MATCH = YES;
				CODE_SIGN_IDENTITY = "iPhone Developer";
				COPY_PHASE_STRIP = NO;
				DEBUG_INFORMATION_FORMAT = dwarf;
				ENABLE_STRICT_OBJC_MSGSEND = YES;
				ENABLE_TESTABILITY = YES;
				GCC_C_LANGUAGE_STANDARD = gnu11;
				GCC_DYNAMIC_NO_PIC = NO;
				GCC_NO_COMMON_BLOCKS = YES;
				GCC_OPTIMIZATION_LEVEL = 0;
				GCC_PREPROCESSOR_DEFINITIONS = (
					"DEBUG=1",
					"$(inherited)",
				);
				GCC_WARN_64_TO_32_BIT_CONVERSION = YES;
				GCC_WARN_ABOUT_RETURN_TYPE = YES_ERROR;
				GCC_WARN_UNDECLARED_SELECTOR = YES;
				GCC_WARN_UNINITIALIZED_AUTOS = YES_AGGRESSIVE;
				GCC_WARN_UNUSED_FUNCTION = YES;
				GCC_WARN_UNUSED_VARIABLE = YES;
				IPHONEOS_DEPLOYMENT_TARGET = 12.0;
				MTL_ENABLE_DEBUG_INFO = INCLUDE_SOURCE;
				MTL_FAST_MATH = YES;
				ONLY_ACTIVE_ARCH = YES;
				SDKROOT = iphoneos;
				SWIFT_ACTIVE_COMPILATION_CONDITIONS = DEBUG;
				SWIFT_OPTIMIZATION_LEVEL = "-Onone";
			};
			name = Debug;
		};
		0FB696A921647EA40010AABD /* Release */ = {
			isa = XCBuildConfiguration;
			buildSettings = {
				ALWAYS_SEARCH_USER_PATHS = NO;
				CLANG_ANALYZER_NONNULL = YES;
				CLANG_ANALYZER_NUMBER_OBJECT_CONVERSION = YES_AGGRESSIVE;
				CLANG_CXX_LANGUAGE_STANDARD = "gnu++14";
				CLANG_CXX_LIBRARY = "libc++";
				CLANG_ENABLE_MODULES = YES;
				CLANG_ENABLE_OBJC_ARC = YES;
				CLANG_ENABLE_OBJC_WEAK = YES;
				CLANG_WARN_BLOCK_CAPTURE_AUTORELEASING = YES;
				CLANG_WARN_BOOL_CONVERSION = YES;
				CLANG_WARN_COMMA = YES;
				CLANG_WARN_CONSTANT_CONVERSION = YES;
				CLANG_WARN_DEPRECATED_OBJC_IMPLEMENTATIONS = YES;
				CLANG_WARN_DIRECT_OBJC_ISA_USAGE = YES_ERROR;
				CLANG_WARN_DOCUMENTATION_COMMENTS = YES;
				CLANG_WARN_EMPTY_BODY = YES;
				CLANG_WARN_ENUM_CONVERSION = YES;
				CLANG_WARN_INFINITE_RECURSION = YES;
				CLANG_WARN_INT_CONVERSION = YES;
				CLANG_WARN_NON_LITERAL_NULL_CONVERSION = YES;
				CLANG_WARN_OBJC_IMPLICIT_RETAIN_SELF = YES;
				CLANG_WARN_OBJC_LITERAL_CONVERSION = YES;
				CLANG_WARN_OBJC_ROOT_CLASS = YES_ERROR;
				CLANG_WARN_RANGE_LOOP_ANALYSIS = YES;
				CLANG_WARN_STRICT_PROTOTYPES = YES;
				CLANG_WARN_SUSPICIOUS_MOVE = YES;
				CLANG_WARN_UNGUARDED_AVAILABILITY = YES_AGGRESSIVE;
				CLANG_WARN_UNREACHABLE_CODE = YES;
				CLANG_WARN__DUPLICATE_METHOD_MATCH = YES;
				CODE_SIGN_IDENTITY = "iPhone Developer";
				COPY_PHASE_STRIP = NO;
				DEBUG_INFORMATION_FORMAT = "dwarf-with-dsym";
				ENABLE_NS_ASSERTIONS = NO;
				ENABLE_STRICT_OBJC_MSGSEND = YES;
				GCC_C_LANGUAGE_STANDARD = gnu11;
				GCC_NO_COMMON_BLOCKS = YES;
				GCC_WARN_64_TO_32_BIT_CONVERSION = YES;
				GCC_WARN_ABOUT_RETURN_TYPE = YES_ERROR;
				GCC_WARN_UNDECLARED_SELECTOR = YES;
				GCC_WARN_UNINITIALIZED_AUTOS = YES_AGGRESSIVE;
				GCC_WARN_UNUSED_FUNCTION = YES;
				GCC_WARN_UNUSED_VARIABLE = YES;
				IPHONEOS_DEPLOYMENT_TARGET = 12.0;
				MTL_ENABLE_DEBUG_INFO = NO;
				MTL_FAST_MATH = YES;
				SDKROOT = iphoneos;
				SWIFT_COMPILATION_MODE = wholemodule;
				SWIFT_OPTIMIZATION_LEVEL = "-O";
				VALIDATE_PRODUCT = YES;
			};
			name = Release;
		};
		0FB696AB21647EA40010AABD /* Debug */ = {
			isa = XCBuildConfiguration;
			baseConfigurationReference = 7C3A2A3B0B22C864FD6337E0 /* Pods-Stations.debug.xcconfig */;
			buildSettings = {
				ASSETCATALOG_COMPILER_APPICON_NAME = AppIcon;
				CODE_SIGN_STYLE = Automatic;
				DEVELOPMENT_TEAM = 699SU8T2PH;
				INFOPLIST_FILE = Stations/Info.plist;
				IPHONEOS_DEPLOYMENT_TARGET = 11.0;
				LD_RUNPATH_SEARCH_PATHS = (
					"$(inherited)",
					"@executable_path/Frameworks",
				);
				PRODUCT_BUNDLE_IDENTIFIER = co.me.Stations;
				PRODUCT_NAME = "$(TARGET_NAME)";
				SWIFT_VERSION = 4.2;
				TARGETED_DEVICE_FAMILY = "1,2";
			};
			name = Debug;
		};
		0FB696AC21647EA40010AABD /* Release */ = {
			isa = XCBuildConfiguration;
			baseConfigurationReference = C072211628843A85E3EE5FA8 /* Pods-Stations.release.xcconfig */;
			buildSettings = {
				ASSETCATALOG_COMPILER_APPICON_NAME = AppIcon;
				CODE_SIGN_STYLE = Automatic;
				DEVELOPMENT_TEAM = 699SU8T2PH;
				INFOPLIST_FILE = Stations/Info.plist;
				IPHONEOS_DEPLOYMENT_TARGET = 11.0;
				LD_RUNPATH_SEARCH_PATHS = (
					"$(inherited)",
					"@executable_path/Frameworks",
				);
				PRODUCT_BUNDLE_IDENTIFIER = co.me.Stations;
				PRODUCT_NAME = "$(TARGET_NAME)";
				SWIFT_VERSION = 4.2;
				TARGETED_DEVICE_FAMILY = "1,2";
			};
			name = Release;
		};
		0FB696AE21647EA40010AABD /* Debug */ = {
			isa = XCBuildConfiguration;
			baseConfigurationReference = 16491FF866C93C0832D9D884 /* Pods-StationsTests.debug.xcconfig */;
			buildSettings = {
				ALWAYS_EMBED_SWIFT_STANDARD_LIBRARIES = YES;
				BUNDLE_LOADER = "$(TEST_HOST)";
				CODE_SIGN_STYLE = Automatic;
				INFOPLIST_FILE = StationsTests/Info.plist;
				LD_RUNPATH_SEARCH_PATHS = (
					"$(inherited)",
					"@executable_path/Frameworks",
					"@loader_path/Frameworks",
				);
				PRODUCT_BUNDLE_IDENTIFIER = co.me.StationsTests;
				PRODUCT_NAME = "$(TARGET_NAME)";
				SWIFT_VERSION = 4.2;
				TARGETED_DEVICE_FAMILY = "1,2";
				TEST_HOST = "$(BUILT_PRODUCTS_DIR)/Stations.app/Stations";
			};
			name = Debug;
		};
		0FB696AF21647EA40010AABD /* Release */ = {
			isa = XCBuildConfiguration;
			baseConfigurationReference = E1A8E61958B1A883C9B3B892 /* Pods-StationsTests.release.xcconfig */;
			buildSettings = {
				ALWAYS_EMBED_SWIFT_STANDARD_LIBRARIES = YES;
				BUNDLE_LOADER = "$(TEST_HOST)";
				CODE_SIGN_STYLE = Automatic;
				INFOPLIST_FILE = StationsTests/Info.plist;
				LD_RUNPATH_SEARCH_PATHS = (
					"$(inherited)",
					"@executable_path/Frameworks",
					"@loader_path/Frameworks",
				);
				PRODUCT_BUNDLE_IDENTIFIER = co.me.StationsTests;
				PRODUCT_NAME = "$(TARGET_NAME)";
				SWIFT_VERSION = 4.2;
				TARGETED_DEVICE_FAMILY = "1,2";
				TEST_HOST = "$(BUILT_PRODUCTS_DIR)/Stations.app/Stations";
			};
			name = Release;
		};
/* End XCBuildConfiguration section */

/* Begin XCConfigurationList section */
		0FB6968821647EA30010AABD /* Build configuration list for PBXProject "Stations" */ = {
			isa = XCConfigurationList;
			buildConfigurations = (
				0FB696A821647EA40010AABD /* Debug */,
				0FB696A921647EA40010AABD /* Release */,
			);
			defaultConfigurationIsVisible = 0;
			defaultConfigurationName = Release;
		};
		0FB696AA21647EA40010AABD /* Build configuration list for PBXNativeTarget "Stations" */ = {
			isa = XCConfigurationList;
			buildConfigurations = (
				0FB696AB21647EA40010AABD /* Debug */,
				0FB696AC21647EA40010AABD /* Release */,
			);
			defaultConfigurationIsVisible = 0;
			defaultConfigurationName = Release;
		};
		0FB696AD21647EA40010AABD /* Build configuration list for PBXNativeTarget "StationsTests" */ = {
			isa = XCConfigurationList;
			buildConfigurations = (
				0FB696AE21647EA40010AABD /* Debug */,
				0FB696AF21647EA40010AABD /* Release */,
			);
			defaultConfigurationIsVisible = 0;
			defaultConfigurationName = Release;
		};
/* End XCConfigurationList section */
	};
	rootObject = 0FB6968521647EA30010AABD /* Project object */;
}
